// !$*UTF8*$!
{
	archiveVersion = 1;
	classes = {
	};
	objectVersion = 50;
	objects = {

/* Begin PBXBuildFile section */
		73F30A9CBECF678B64EDB9A5 /* Pods_LitterPink.framework in Frameworks */ = {isa = PBXBuildFile; fileRef = 23E4B027F05D0AB10F288BB3 /* Pods_LitterPink.framework */; };
		C9C69074257496CA00DCB85F /* AppDelegate.swift in Sources */ = {isa = PBXBuildFile; fileRef = C9C69073257496CA00DCB85F /* AppDelegate.swift */; };
		C9C69076257496CA00DCB85F /* SceneDelegate.swift in Sources */ = {isa = PBXBuildFile; fileRef = C9C69075257496CA00DCB85F /* SceneDelegate.swift */; };
		C9C69078257496CA00DCB85F /* ViewController.swift in Sources */ = {isa = PBXBuildFile; fileRef = C9C69077257496CA00DCB85F /* ViewController.swift */; };
		C9C6907B257496CA00DCB85F /* Main.storyboard in Resources */ = {isa = PBXBuildFile; fileRef = C9C69079257496CA00DCB85F /* Main.storyboard */; };
		C9C6907E257496CA00DCB85F /* LitterPink.xcdatamodeld in Sources */ = {isa = PBXBuildFile; fileRef = C9C6907C257496CA00DCB85F /* LitterPink.xcdatamodeld */; };
		C9C69080257496CD00DCB85F /* Assets.xcassets in Resources */ = {isa = PBXBuildFile; fileRef = C9C6907F257496CD00DCB85F /* Assets.xcassets */; };
		C9C69083257496CD00DCB85F /* LaunchScreen.storyboard in Resources */ = {isa = PBXBuildFile; fileRef = C9C69081257496CD00DCB85F /* LaunchScreen.storyboard */; };
		C9C6908C2574980F00DCB85F /* .gitignore in Resources */ = {isa = PBXBuildFile; fileRef = C9C6908B2574980E00DCB85F /* .gitignore */; };
/* End PBXBuildFile section */

/* Begin PBXFileReference section */
		23E4B027F05D0AB10F288BB3 /* Pods_LitterPink.framework */ = {isa = PBXFileReference; explicitFileType = wrapper.framework; includeInIndex = 0; path = Pods_LitterPink.framework; sourceTree = BUILT_PRODUCTS_DIR; };
		81F71695EA267D37DEB33492 /* Pods-LitterPink.debug.xcconfig */ = {isa = PBXFileReference; includeInIndex = 1; lastKnownFileType = text.xcconfig; name = "Pods-LitterPink.debug.xcconfig"; path = "Target Support Files/Pods-LitterPink/Pods-LitterPink.debug.xcconfig"; sourceTree = "<group>"; };
		A02C2D05FC0044366238910A /* Pods-LitterPink.release.xcconfig */ = {isa = PBXFileReference; includeInIndex = 1; lastKnownFileType = text.xcconfig; name = "Pods-LitterPink.release.xcconfig"; path = "Target Support Files/Pods-LitterPink/Pods-LitterPink.release.xcconfig"; sourceTree = "<group>"; };
		C9C69070257496CA00DCB85F /* LitterPink.app */ = {isa = PBXFileReference; explicitFileType = wrapper.application; includeInIndex = 0; path = LitterPink.app; sourceTree = BUILT_PRODUCTS_DIR; };
		C9C69073257496CA00DCB85F /* AppDelegate.swift */ = {isa = PBXFileReference; lastKnownFileType = sourcecode.swift; path = AppDelegate.swift; sourceTree = "<group>"; };
		C9C69075257496CA00DCB85F /* SceneDelegate.swift */ = {isa = PBXFileReference; lastKnownFileType = sourcecode.swift; path = SceneDelegate.swift; sourceTree = "<group>"; };
		C9C69077257496CA00DCB85F /* ViewController.swift */ = {isa = PBXFileReference; lastKnownFileType = sourcecode.swift; path = ViewController.swift; sourceTree = "<group>"; };
		C9C6907A257496CA00DCB85F /* Base */ = {isa = PBXFileReference; lastKnownFileType = file.storyboard; name = Base; path = Base.lproj/Main.storyboard; sourceTree = "<group>"; };
		C9C6907D257496CA00DCB85F /* LitterPink.xcdatamodel */ = {isa = PBXFileReference; lastKnownFileType = wrapper.xcdatamodel; path = LitterPink.xcdatamodel; sourceTree = "<group>"; };
		C9C6907F257496CD00DCB85F /* Assets.xcassets */ = {isa = PBXFileReference; lastKnownFileType = folder.assetcatalog; path = Assets.xcassets; sourceTree = "<group>"; };
		C9C69082257496CD00DCB85F /* Base */ = {isa = PBXFileReference; lastKnownFileType = file.storyboard; name = Base; path = Base.lproj/LaunchScreen.storyboard; sourceTree = "<group>"; };
		C9C69084257496CD00DCB85F /* Info.plist */ = {isa = PBXFileReference; lastKnownFileType = text.plist.xml; path = Info.plist; sourceTree = "<group>"; };
		C9C6908B2574980E00DCB85F /* .gitignore */ = {isa = PBXFileReference; fileEncoding = 4; lastKnownFileType = text; path = .gitignore; sourceTree = "<group>"; };
/* End PBXFileReference section */

/* Begin PBXFrameworksBuildPhase section */
		C9C6906D257496CA00DCB85F /* Frameworks */ = {
			isa = PBXFrameworksBuildPhase;
			buildActionMask = 2147483647;
			files = (
				73F30A9CBECF678B64EDB9A5 /* Pods_LitterPink.framework in Frameworks */,
			);
			runOnlyForDeploymentPostprocessing = 0;
		};
/* End PBXFrameworksBuildPhase section */

/* Begin PBXGroup section */
		4AD8A070CAFDE042E68A0077 /* Pods */ = {
			isa = PBXGroup;
			children = (
				81F71695EA267D37DEB33492 /* Pods-LitterPink.debug.xcconfig */,
				A02C2D05FC0044366238910A /* Pods-LitterPink.release.xcconfig */,
			);
			name = Pods;
			path = Pods;
			sourceTree = "<group>";
		};
		809C6DE6A04099AFE42687E9 /* Frameworks */ = {
			isa = PBXGroup;
			children = (
				23E4B027F05D0AB10F288BB3 /* Pods_LitterPink.framework */,
			);
			name = Frameworks;
			sourceTree = "<group>";
		};
		C9C69067257496CA00DCB85F = {
			isa = PBXGroup;
			children = (
				C9C6908B2574980E00DCB85F /* .gitignore */,
				C9C69072257496CA00DCB85F /* LitterPink */,
				C9C69071257496CA00DCB85F /* Products */,
				4AD8A070CAFDE042E68A0077 /* Pods */,
				809C6DE6A04099AFE42687E9 /* Frameworks */,
			);
			sourceTree = "<group>";
		};
		C9C69071257496CA00DCB85F /* Products */ = {
			isa = PBXGroup;
			children = (
				C9C69070257496CA00DCB85F /* LitterPink.app */,
			);
			name = Products;
			sourceTree = "<group>";
		};
		C9C69072257496CA00DCB85F /* LitterPink */ = {
			isa = PBXGroup;
			children = (
				C9C69073257496CA00DCB85F /* AppDelegate.swift */,
				C9C69075257496CA00DCB85F /* SceneDelegate.swift */,
				C9C69077257496CA00DCB85F /* ViewController.swift */,
				C9C69079257496CA00DCB85F /* Main.storyboard */,
				C9C6907F257496CD00DCB85F /* Assets.xcassets */,
				C9C69081257496CD00DCB85F /* LaunchScreen.storyboard */,
				C9C69084257496CD00DCB85F /* Info.plist */,
				C9C6907C257496CA00DCB85F /* LitterPink.xcdatamodeld */,
			);
			path = LitterPink;
			sourceTree = "<group>";
		};
/* End PBXGroup section */

/* Begin PBXNativeTarget section */
		C9C6906F257496CA00DCB85F /* LitterPink */ = {
			isa = PBXNativeTarget;
			buildConfigurationList = C9C69087257496CD00DCB85F /* Build configuration list for PBXNativeTarget "LitterPink" */;
			buildPhases = (
				C66FAE67B6148DD32D13E76F /* [CP] Check Pods Manifest.lock */,
				C9C6906C257496CA00DCB85F /* Sources */,
				C9C6906D257496CA00DCB85F /* Frameworks */,
				C9C6906E257496CA00DCB85F /* Resources */,
				F135286B19BAC24111D7A86D /* [CP] Embed Pods Frameworks */,
			);
			buildRules = (
			);
			dependencies = (
			);
			name = LitterPink;
			productName = LitterPink;
			productReference = C9C69070257496CA00DCB85F /* LitterPink.app */;
			productType = "com.apple.product-type.application";
		};
/* End PBXNativeTarget section */

/* Begin PBXProject section */
		C9C69068257496CA00DCB85F /* Project object */ = {
			isa = PBXProject;
			attributes = {
				LastSwiftUpdateCheck = 1220;
				LastUpgradeCheck = 1220;
				TargetAttributes = {
					C9C6906F257496CA00DCB85F = {
						CreatedOnToolsVersion = 12.2;
					};
				};
			};
			buildConfigurationList = C9C6906B257496CA00DCB85F /* Build configuration list for PBXProject "LitterPink" */;
			compatibilityVersion = "Xcode 9.3";
			developmentRegion = en;
			hasScannedForEncodings = 0;
			knownRegions = (
				en,
				Base,
			);
			mainGroup = C9C69067257496CA00DCB85F;
			productRefGroup = C9C69071257496CA00DCB85F /* Products */;
			projectDirPath = "";
			projectRoot = "";
			targets = (
				C9C6906F257496CA00DCB85F /* LitterPink */,
			);
		};
/* End PBXProject section */

/* Begin PBXResourcesBuildPhase section */
		C9C6906E257496CA00DCB85F /* Resources */ = {
			isa = PBXResourcesBuildPhase;
			buildActionMask = 2147483647;
			files = (
				C9C6908C2574980F00DCB85F /* .gitignore in Resources */,
				C9C69083257496CD00DCB85F /* LaunchScreen.storyboard in Resources */,
				C9C69080257496CD00DCB85F /* Assets.xcassets in Resources */,
				C9C6907B257496CA00DCB85F /* Main.storyboard in Resources */,
			);
			runOnlyForDeploymentPostprocessing = 0;
		};
/* End PBXResourcesBuildPhase section */

/* Begin PBXShellScriptBuildPhase section */
		C66FAE67B6148DD32D13E76F /* [CP] Check Pods Manifest.lock */ = {
			isa = PBXShellScriptBuildPhase;
			buildActionMask = 2147483647;
			files = (
			);
			inputFileListPaths = (
			);
			inputPaths = (
				"${PODS_PODFILE_DIR_PATH}/Podfile.lock",
				"${PODS_ROOT}/Manifest.lock",
			);
			name = "[CP] Check Pods Manifest.lock";
			outputFileListPaths = (
			);
			outputPaths = (
				"$(DERIVED_FILE_DIR)/Pods-LitterPink-checkManifestLockResult.txt",
			);
			runOnlyForDeploymentPostprocessing = 0;
			shellPath = /bin/sh;
			shellScript = "diff \"${PODS_PODFILE_DIR_PATH}/Podfile.lock\" \"${PODS_ROOT}/Manifest.lock\" > /dev/null\nif [ $? != 0 ] ; then\n    # print error to STDERR\n    echo \"error: The sandbox is not in sync with the Podfile.lock. Run 'pod install' or update your CocoaPods installation.\" >&2\n    exit 1\nfi\n# This output is used by Xcode 'outputs' to avoid re-running this script phase.\necho \"SUCCESS\" > \"${SCRIPT_OUTPUT_FILE_0}\"\n";
			showEnvVarsInLog = 0;
		};
		F135286B19BAC24111D7A86D /* [CP] Embed Pods Frameworks */ = {
			isa = PBXShellScriptBuildPhase;
			buildActionMask = 2147483647;
			files = (
			);
			inputFileListPaths = (
				"${PODS_ROOT}/Target Support Files/Pods-LitterPink/Pods-LitterPink-frameworks-${CONFIGURATION}-input-files.xcfilelist",
			);
			name = "[CP] Embed Pods Frameworks";
			outputFileListPaths = (
				"${PODS_ROOT}/Target Support Files/Pods-LitterPink/Pods-LitterPink-frameworks-${CONFIGURATION}-output-files.xcfilelist",
			);
			runOnlyForDeploymentPostprocessing = 0;
			shellPath = /bin/sh;
			shellScript = "\"${PODS_ROOT}/Target Support Files/Pods-LitterPink/Pods-LitterPink-frameworks.sh\"\n";
			showEnvVarsInLog = 0;
		};
/* End PBXShellScriptBuildPhase section */

/* Begin PBXSourcesBuildPhase section */
		C9C6906C257496CA00DCB85F /* Sources */ = {
			isa = PBXSourcesBuildPhase;
			buildActionMask = 2147483647;
			files = (
				C9C69078257496CA00DCB85F /* ViewController.swift in Sources */,
				C9C6907E257496CA00DCB85F /* LitterPink.xcdatamodeld in Sources */,
				C9C69074257496CA00DCB85F /* AppDelegate.swift in Sources */,
				C9C69076257496CA00DCB85F /* SceneDelegate.swift in Sources */,
			);
			runOnlyForDeploymentPostprocessing = 0;
		};
/* End PBXSourcesBuildPhase section */

/* Begin PBXVariantGroup section */
		C9C69079257496CA00DCB85F /* Main.storyboard */ = {
			isa = PBXVariantGroup;
			children = (
				C9C6907A257496CA00DCB85F /* Base */,
			);
			name = Main.storyboard;
			sourceTree = "<group>";
		};
		C9C69081257496CD00DCB85F /* LaunchScreen.storyboard */ = {
			isa = PBXVariantGroup;
			children = (
				C9C69082257496CD00DCB85F /* Base */,
			);
			name = LaunchScreen.storyboard;
			sourceTree = "<group>";
		};
/* End PBXVariantGroup section */

/* Begin XCBuildConfiguration section */
		C9C69085257496CD00DCB85F /* Debug */ = {
			isa = XCBuildConfiguration;
			buildSettings = {
				ALWAYS_SEARCH_USER_PATHS = NO;
				CLANG_ANALYZER_NONNULL = YES;
				CLANG_ANALYZER_NUMBER_OBJECT_CONVERSION = YES_AGGRESSIVE;
				CLANG_CXX_LANGUAGE_STANDARD = "gnu++14";
				CLANG_CXX_LIBRARY = "libc++";
				CLANG_ENABLE_MODULES = YES;
				CLANG_ENABLE_OBJC_ARC = YES;
				CLANG_ENABLE_OBJC_WEAK = YES;
				CLANG_WARN_BLOCK_CAPTURE_AUTORELEASING = YES;
				CLANG_WARN_BOOL_CONVERSION = YES;
				CLANG_WARN_COMMA = YES;
				CLANG_WARN_CONSTANT_CONVERSION = YES;
				CLANG_WARN_DEPRECATED_OBJC_IMPLEMENTATIONS = YES;
				CLANG_WARN_DIRECT_OBJC_ISA_USAGE = YES_ERROR;
				CLANG_WARN_DOCUMENTATION_COMMENTS = YES;
				CLANG_WARN_EMPTY_BODY = YES;
				CLANG_WARN_ENUM_CONVERSION = YES;
				CLANG_WARN_INFINITE_RECURSION = YES;
				CLANG_WARN_INT_CONVERSION = YES;
				CLANG_WARN_NON_LITERAL_NULL_CONVERSION = YES;
				CLANG_WARN_OBJC_IMPLICIT_RETAIN_SELF = YES;
				CLANG_WARN_OBJC_LITERAL_CONVERSION = YES;
				CLANG_WARN_OBJC_ROOT_CLASS = YES_ERROR;
				CLANG_WARN_QUOTED_INCLUDE_IN_FRAMEWORK_HEADER = YES;
				CLANG_WARN_RANGE_LOOP_ANALYSIS = YES;
				CLANG_WARN_STRICT_PROTOTYPES = YES;
				CLANG_WARN_SUSPICIOUS_MOVE = YES;
				CLANG_WARN_UNGUARDED_AVAILABILITY = YES_AGGRESSIVE;
				CLANG_WARN_UNREACHABLE_CODE = YES;
				CLANG_WARN__DUPLICATE_METHOD_MATCH = YES;
				COPY_PHASE_STRIP = NO;
				DEBUG_INFORMATION_FORMAT = dwarf;
				ENABLE_STRICT_OBJC_MSGSEND = YES;
				ENABLE_TESTABILITY = YES;
				GCC_C_LANGUAGE_STANDARD = gnu11;
				GCC_DYNAMIC_NO_PIC = NO;
				GCC_NO_COMMON_BLOCKS = YES;
				GCC_OPTIMIZATION_LEVEL = 0;
				GCC_PREPROCESSOR_DEFINITIONS = (
					"DEBUG=1",
					"$(inherited)",
				);
				GCC_WARN_64_TO_32_BIT_CONVERSION = YES;
				GCC_WARN_ABOUT_RETURN_TYPE = YES_ERROR;
				GCC_WARN_UNDECLARED_SELECTOR = YES;
				GCC_WARN_UNINITIALIZED_AUTOS = YES_AGGRESSIVE;
				GCC_WARN_UNUSED_FUNCTION = YES;
				GCC_WARN_UNUSED_VARIABLE = YES;
				IPHONEOS_DEPLOYMENT_TARGET = 14.2;
				MTL_ENABLE_DEBUG_INFO = INCLUDE_SOURCE;
				MTL_FAST_MATH = YES;
				ONLY_ACTIVE_ARCH = YES;
				SDKROOT = iphoneos;
				SWIFT_ACTIVE_COMPILATION_CONDITIONS = DEBUG;
				SWIFT_OPTIMIZATION_LEVEL = "-Onone";
			};
			name = Debug;
		};
		C9C69086257496CD00DCB85F /* Release */ = {
			isa = XCBuildConfiguration;
			buildSettings = {
				ALWAYS_SEARCH_USER_PATHS = NO;
				CLANG_ANALYZER_NONNULL = YES;
				CLANG_ANALYZER_NUMBER_OBJECT_CONVERSION = YES_AGGRESSIVE;
				CLANG_CXX_LANGUAGE_STANDARD = "gnu++14";
				CLANG_CXX_LIBRARY = "libc++";
				CLANG_ENABLE_MODULES = YES;
				CLANG_ENABLE_OBJC_ARC = YES;
				CLANG_ENABLE_OBJC_WEAK = YES;
				CLANG_WARN_BLOCK_CAPTURE_AUTORELEASING = YES;
				CLANG_WARN_BOOL_CONVERSION = YES;
				CLANG_WARN_COMMA = YES;
				CLANG_WARN_CONSTANT_CONVERSION = YES;
				CLANG_WARN_DEPRECATED_OBJC_IMPLEMENTATIONS = YES;
				CLANG_WARN_DIRECT_OBJC_ISA_USAGE = YES_ERROR;
				CLANG_WARN_DOCUMENTATION_COMMENTS = YES;
				CLANG_WARN_EMPTY_BODY = YES;
				CLANG_WARN_ENUM_CONVERSION = YES;
				CLANG_WARN_INFINITE_RECURSION = YES;
				CLANG_WARN_INT_CONVERSION = YES;
				CLANG_WARN_NON_LITERAL_NULL_CONVERSION = YES;
				CLANG_WARN_OBJC_IMPLICIT_RETAIN_SELF = YES;
				CLANG_WARN_OBJC_LITERAL_CONVERSION = YES;
				CLANG_WARN_OBJC_ROOT_CLASS = YES_ERROR;
				CLANG_WARN_QUOTED_INCLUDE_IN_FRAMEWORK_HEADER = YES;
				CLANG_WARN_RANGE_LOOP_ANALYSIS = YES;
				CLANG_WARN_STRICT_PROTOTYPES = YES;
				CLANG_WARN_SUSPICIOUS_MOVE = YES;
				CLANG_WARN_UNGUARDED_AVAILABILITY = YES_AGGRESSIVE;
				CLANG_WARN_UNREACHABLE_CODE = YES;
				CLANG_WARN__DUPLICATE_METHOD_MATCH = YES;
				COPY_PHASE_STRIP = NO;
				DEBUG_INFORMATION_FORMAT = "dwarf-with-dsym";
				ENABLE_NS_ASSERTIONS = NO;
				ENABLE_STRICT_OBJC_MSGSEND = YES;
				GCC_C_LANGUAGE_STANDARD = gnu11;
				GCC_NO_COMMON_BLOCKS = YES;
				GCC_WARN_64_TO_32_BIT_CONVERSION = YES;
				GCC_WARN_ABOUT_RETURN_TYPE = YES_ERROR;
				GCC_WARN_UNDECLARED_SELECTOR = YES;
				GCC_WARN_UNINITIALIZED_AUTOS = YES_AGGRESSIVE;
				GCC_WARN_UNUSED_FUNCTION = YES;
				GCC_WARN_UNUSED_VARIABLE = YES;
				IPHONEOS_DEPLOYMENT_TARGET = 14.2;
				MTL_ENABLE_DEBUG_INFO = NO;
				MTL_FAST_MATH = YES;
				SDKROOT = iphoneos;
				SWIFT_COMPILATION_MODE = wholemodule;
				SWIFT_OPTIMIZATION_LEVEL = "-O";
				VALIDATE_PRODUCT = YES;
			};
			name = Release;
		};
		C9C69088257496CD00DCB85F /* Debug */ = {
			isa = XCBuildConfiguration;
			baseConfigurationReference = 81F71695EA267D37DEB33492 /* Pods-LitterPink.debug.xcconfig */;
			buildSettings = {
				ASSETCATALOG_COMPILER_APPICON_NAME = AppIcon;
				ASSETCATALOG_COMPILER_GLOBAL_ACCENT_COLOR_NAME = AccentColor;
				CODE_SIGN_STYLE = Automatic;
				DEVELOPMENT_TEAM = 3J9V96LJ9R;
				INFOPLIST_FILE = LitterPink/Info.plist;
				LD_RUNPATH_SEARCH_PATHS = (
					"$(inherited)",
					"@executable_path/Frameworks",
				);
				PRODUCT_BUNDLE_IDENTIFIER = LlitterPink.LitterPink;
				PRODUCT_NAME = "$(TARGET_NAME)";
				SWIFT_VERSION = 5.0;
				TARGETED_DEVICE_FAMILY = "1,2";
			};
			name = Debug;
		};
		C9C69089257496CD00DCB85F /* Release */ = {
			isa = XCBuildConfiguration;
			baseConfigurationReference = A02C2D05FC0044366238910A /* Pods-LitterPink.release.xcconfig */;
			buildSettings = {
				ASSETCATALOG_COMPILER_APPICON_NAME = AppIcon;
				ASSETCATALOG_COMPILER_GLOBAL_ACCENT_COLOR_NAME = AccentColor;
				CODE_SIGN_STYLE = Automatic;
				DEVELOPMENT_TEAM = 3J9V96LJ9R;
				INFOPLIST_FILE = LitterPink/Info.plist;
				LD_RUNPATH_SEARCH_PATHS = (
					"$(inherited)",
					"@executable_path/Frameworks",
				);
				PRODUCT_BUNDLE_IDENTIFIER = LlitterPink.LitterPink;
				PRODUCT_NAME = "$(TARGET_NAME)";
				SWIFT_VERSION = 5.0;
				TARGETED_DEVICE_FAMILY = "1,2";
			};
			name = Release;
		};
/* End XCBuildConfiguration section */

/* Begin XCConfigurationList section */
		C9C6906B257496CA00DCB85F /* Build configuration list for PBXProject "LitterPink" */ = {
			isa = XCConfigurationList;
			buildConfigurations = (
				C9C69085257496CD00DCB85F /* Debug */,
				C9C69086257496CD00DCB85F /* Release */,
			);
			defaultConfigurationIsVisible = 0;
			defaultConfigurationName = Release;
		};
		C9C69087257496CD00DCB85F /* Build configuration list for PBXNativeTarget "LitterPink" */ = {
			isa = XCConfigurationList;
			buildConfigurations = (
				C9C69088257496CD00DCB85F /* Debug */,
				C9C69089257496CD00DCB85F /* Release */,
			);
			defaultConfigurationIsVisible = 0;
			defaultConfigurationName = Release;
		};
/* End XCConfigurationList section */

/* Begin XCVersionGroup section */
		C9C6907C257496CA00DCB85F /* LitterPink.xcdatamodeld */ = {
			isa = XCVersionGroup;
			children = (
				C9C6907D257496CA00DCB85F /* LitterPink.xcdatamodel */,
			);
			currentVersion = C9C6907D257496CA00DCB85F /* LitterPink.xcdatamodel */;
			path = LitterPink.xcdatamodeld;
			sourceTree = "<group>";
			versionGroupType = wrapper.xcdatamodel;
		};
/* End XCVersionGroup section */
	};
	rootObject = C9C69068257496CA00DCB85F /* Project object */;
}
